
Microsoft Visual Studio Solution File, Format Version 12.00
# Visual Studio Version 16
VisualStudioVersion = 16.0.30413.136
MinimumVisualStudioVersion = 10.0.40219.1
Project("{FAE04EC0-301F-11D3-BF4B-00C04F79EFBC}") = "ejercicio 1", "ejercicio 1\ejercicio 1.csproj", "{97203FA6-E5C2-4A93-904B-1998CD0177EB}"
EndProject
Project("{FAE04EC0-301F-11D3-BF4B-00C04F79EFBC}") = "ejercicio 2", "ejercicio 2\ejercicio 2.csproj", "{8B90A03C-2972-4D25-83B4-16C661CA795F}"
EndProject
Project("{FAE04EC0-301F-11D3-BF4B-00C04F79EFBC}") = "ejercicio 3", "ejercicio 3\ejercicio 3.csproj", "{6677047E-2670-4F56-8325-7754D913E90C}"
EndProject
Project("{FAE04EC0-301F-11D3-BF4B-00C04F79EFBC}") = "ejercicio 4", "ejercicio 4\ejercicio 4.csproj", "{081B8B74-8DF0-4E53-B465-11F7616DE8A1}"
EndProject
Project("{FAE04EC0-301F-11D3-BF4B-00C04F79EFBC}") = "ejercicio 5", "ejercicio 5\ejercicio 5.csproj", "{1A12BE70-ED09-4850-8EE0-888E4A4486E9}"
EndProject
Global
	GlobalSection(SolutionConfigurationPlatforms) = preSolution
		Debug|Any CPU = Debug|Any CPU
		Release|Any CPU = Release|Any CPU
	EndGlobalSection
	GlobalSection(ProjectConfigurationPlatforms) = postSolution
		{97203FA6-E5C2-4A93-904B-1998CD0177EB}.Debug|Any CPU.ActiveCfg = Debug|Any CPU
		{97203FA6-E5C2-4A93-904B-1998CD0177EB}.Debug|Any CPU.Build.0 = Debug|Any CPU
		{97203FA6-E5C2-4A93-904B-1998CD0177EB}.Release|Any CPU.ActiveCfg = Release|Any CPU
		{97203FA6-E5C2-4A93-904B-1998CD0177EB}.Release|Any CPU.Build.0 = Release|Any CPU
		{8B90A03C-2972-4D25-83B4-16C661CA795F}.Debug|Any CPU.ActiveCfg = Debug|Any CPU
		{8B90A03C-2972-4D25-83B4-16C661CA795F}.Debug|Any CPU.Build.0 = Debug|Any CPU
		{8B90A03C-2972-4D25-83B4-16C661CA795F}.Release|Any CPU.ActiveCfg = Release|Any CPU
		{8B90A03C-2972-4D25-83B4-16C661CA795F}.Release|Any CPU.Build.0 = Release|Any CPU
		{6677047E-2670-4F56-8325-7754D913E90C}.Debug|Any CPU.ActiveCfg = Debug|Any CPU
		{6677047E-2670-4F56-8325-7754D913E90C}.Debug|Any CPU.Build.0 = Debug|Any CPU
		{6677047E-2670-4F56-8325-7754D913E90C}.Release|Any CPU.ActiveCfg = Release|Any CPU
		{6677047E-2670-4F56-8325-7754D913E90C}.Release|Any CPU.Build.0 = Release|Any CPU
		{081B8B74-8DF0-4E53-B465-11F7616DE8A1}.Debug|Any CPU.ActiveCfg = Debug|Any CPU
		{081B8B74-8DF0-4E53-B465-11F7616DE8A1}.Debug|Any CPU.Build.0 = Debug|Any CPU
		{081B8B74-8DF0-4E53-B465-11F7616DE8A1}.Release|Any CPU.ActiveCfg = Release|Any CPU
		{081B8B74-8DF0-4E53-B465-11F7616DE8A1}.Release|Any CPU.Build.0 = Release|Any CPU
		{1A12BE70-ED09-4850-8EE0-888E4A4486E9}.Debug|Any CPU.ActiveCfg = Debug|Any CPU
		{1A12BE70-ED09-4850-8EE0-888E4A4486E9}.Debug|Any CPU.Build.0 = Debug|Any CPU
		{1A12BE70-ED09-4850-8EE0-888E4A4486E9}.Release|Any CPU.ActiveCfg = Release|Any CPU
		{1A12BE70-ED09-4850-8EE0-888E4A4486E9}.Release|Any CPU.Build.0 = Release|Any CPU
	EndGlobalSection
	GlobalSection(SolutionProperties) = preSolution
		HideSolutionNode = FALSE
	EndGlobalSection
	GlobalSection(ExtensibilityGlobals) = postSolution
		SolutionGuid = {D683653F-011A-4445-A08B-B64A30AAFB2C}
	EndGlobalSection
EndGlobal
